
Microsoft Visual Studio Solution File, Format Version 12.00
# Visual Studio 15
Project("{FAE04EC0-301F-11D3-BF4B-00C04F79EFBC}") = "SalesWebMvc", "SalesWebMvc\SalesWebMvc.csproj", "{DE307343-2D74-44C5-A068-4C35048987AF}"
EndProject
Global
	GlobalSection(SolutionConfigurationPlatforms) = preSolution
		Debug|Any CPU = Debug|Any CPU
		Release|Any CPU = Release|Any CPU
	EndGlobalSection
	GlobalSection(ProjectConfigurationPlatforms) = postSolution
		{DE307343-2D74-44C5-A068-4C35048987AF}.Debug|Any CPU.ActiveCfg = Debug|Any CPU
		{DE307343-2D74-44C5-A068-4C35048987AF}.Debug|Any CPU.Build.0 = Debug|Any CPU
		{DE307343-2D74-44C5-A068-4C35048987AF}.Release|Any CPU.ActiveCfg = Release|Any CPU
		{DE307343-2D74-44C5-A068-4C35048987AF}.Release|Any CPU.Build.0 = Release|Any CPU
	EndGlobalSection
EndGlobal
